
Microsoft Visual Studio Solution File, Format Version 12.00
# Visual Studio Version 16
VisualStudioVersion = 16.0.32901.84
MinimumVisualStudioVersion = 10.0.40219.1
Project("{FAE04EC0-301F-11D3-BF4B-00C04F79EFBC}") = "Api_Autores", "Api_Autores\Api_Autores.csproj", "{C03114A2-41C9-4A6D-83B2-545B669EDCCE}"
EndProject
Global
	GlobalSection(SolutionConfigurationPlatforms) = preSolution
		Debug|Any CPU = Debug|Any CPU
		Release|Any CPU = Release|Any CPU
	EndGlobalSection
	GlobalSection(ProjectConfigurationPlatforms) = postSolution
		{C03114A2-41C9-4A6D-83B2-545B669EDCCE}.Debug|Any CPU.ActiveCfg = Debug|Any CPU
		{C03114A2-41C9-4A6D-83B2-545B669EDCCE}.Debug|Any CPU.Build.0 = Debug|Any CPU
		{C03114A2-41C9-4A6D-83B2-545B669EDCCE}.Release|Any CPU.ActiveCfg = Release|Any CPU
		{C03114A2-41C9-4A6D-83B2-545B669EDCCE}.Release|Any CPU.Build.0 = Release|Any CPU
	EndGlobalSection
	GlobalSection(SolutionProperties) = preSolution
		HideSolutionNode = FALSE
	EndGlobalSection
	GlobalSection(ExtensibilityGlobals) = postSolution
		SolutionGuid = {A264EE49-32D3-488A-A529-5808B4124A7C}
	EndGlobalSection
EndGlobal
